
Microsoft Visual Studio Solution File, Format Version 12.00
# Visual Studio Version 16
VisualStudioVersion = 16.0.31424.327
MinimumVisualStudioVersion = 10.0.40219.1
Project("{6EC3EE1D-3C4E-46DD-8F32-0CC8E7565705}") = "InsightClub.Creator.Bot", "InsightClub.Creator.Bot.fsproj", "{22545FAB-72EF-44E2-A9A6-11CF233EC720}"
EndProject
Project("{2150E333-8FDC-42A3-9474-1A3956D46DE8}") = "Solution Items", "Solution Items", "{58159A2F-B243-4BAA-A1EE-4A2C93ABE25A}"
	ProjectSection(SolutionItems) = preProject
		.editorconfig = .editorconfig
		.gitattributes = .gitattributes
		.gitignore = .gitignore
		nuget.config = nuget.config
	EndProjectSection
EndProject
Global
	GlobalSection(SolutionConfigurationPlatforms) = preSolution
		Debug|Any CPU = Debug|Any CPU
		Release|Any CPU = Release|Any CPU
	EndGlobalSection
	GlobalSection(ProjectConfigurationPlatforms) = postSolution
		{22545FAB-72EF-44E2-A9A6-11CF233EC720}.Debug|Any CPU.ActiveCfg = Debug|Any CPU
		{22545FAB-72EF-44E2-A9A6-11CF233EC720}.Debug|Any CPU.Build.0 = Debug|Any CPU
		{22545FAB-72EF-44E2-A9A6-11CF233EC720}.Release|Any CPU.ActiveCfg = Release|Any CPU
		{22545FAB-72EF-44E2-A9A6-11CF233EC720}.Release|Any CPU.Build.0 = Release|Any CPU
	EndGlobalSection
	GlobalSection(SolutionProperties) = preSolution
		HideSolutionNode = FALSE
	EndGlobalSection
	GlobalSection(ExtensibilityGlobals) = postSolution
		SolutionGuid = {BB747818-EC48-4510-900A-156B3EB1A3ED}
	EndGlobalSection
EndGlobal
